schema: '2.0'
stages:
  get_data:
    cmd: python get_data.py
    deps:
    - path: get_data.py
      hash: md5
      md5: 5e98a2a4c93117c16d528c525c334348
      size: 292
    outs:
    - path: data_raw.csv
      hash: md5
      md5: b427a8c0156e79f12e418b08cde43c7e
      size: 68868
  process_data:
    cmd: python process_data.py
    deps:
    - path: data_raw.csv
      hash: md5
      md5: b427a8c0156e79f12e418b08cde43c7e
      size: 68868
    - path: process_data.py
      hash: md5
      md5: 79b357c12f171f3d07c76780815b651c
      size: 900
    outs:
    - path: data_processed.csv
      hash: md5
      md5: 03269b6c0a766dc80e090326008765b3
      size: 24227
  train:
    cmd: python train.py
    deps:
    - path: data_processed.csv
      hash: md5
      md5: 03269b6c0a766dc80e090326008765b3
      size: 24227
    - path: train.py
      hash: md5
      md5: b1297552810753476f40bbdf97ad0058
      size: 1531
    outs:
    - path: by_region.png
      hash: md5
      md5: a8580b8d75d6a782fa169d653923af2c
      size: 7976
    - path: metrics.json
      hash: md5
      md5: f0e6fef476244463eca7c6d4c97e75ed
      size: 89
